// !$*UTF8*$!
{
	archiveVersion = 1;
	classes = {
	};
	objectVersion = 56;
	objects = {

/* Begin PBXBuildFile section */
		93ECDAEC2ABD55450036F41E /* AppDelegate.swift in Sources */ = {isa = PBXBuildFile; fileRef = 93ECDAEB2ABD55450036F41E /* AppDelegate.swift */; };
		93ECDAEE2ABD55450036F41E /* SceneDelegate.swift in Sources */ = {isa = PBXBuildFile; fileRef = 93ECDAED2ABD55450036F41E /* SceneDelegate.swift */; };
		93ECDAF02ABD55450036F41E /* ViewController.swift in Sources */ = {isa = PBXBuildFile; fileRef = 93ECDAEF2ABD55450036F41E /* ViewController.swift */; };
		93ECDAF32ABD55450036F41E /* Main.storyboard in Resources */ = {isa = PBXBuildFile; fileRef = 93ECDAF12ABD55450036F41E /* Main.storyboard */; };
		93ECDAF52ABD55490036F41E /* Assets.xcassets in Resources */ = {isa = PBXBuildFile; fileRef = 93ECDAF42ABD55490036F41E /* Assets.xcassets */; };
		93ECDAF82ABD55490036F41E /* LaunchScreen.storyboard in Resources */ = {isa = PBXBuildFile; fileRef = 93ECDAF62ABD55490036F41E /* LaunchScreen.storyboard */; };
		93ECDB032ABD554A0036F41E /* CI_CD_DemoTests.swift in Sources */ = {isa = PBXBuildFile; fileRef = 93ECDB022ABD554A0036F41E /* CI_CD_DemoTests.swift */; };
		93ECDB0D2ABD554A0036F41E /* CI_CD_DemoUITests.swift in Sources */ = {isa = PBXBuildFile; fileRef = 93ECDB0C2ABD554A0036F41E /* CI_CD_DemoUITests.swift */; };
		93ECDB0F2ABD554A0036F41E /* CI_CD_DemoUITestsLaunchTests.swift in Sources */ = {isa = PBXBuildFile; fileRef = 93ECDB0E2ABD554A0036F41E /* CI_CD_DemoUITestsLaunchTests.swift */; };
/* End PBXBuildFile section */

/* Begin PBXContainerItemProxy section */
		93ECDAFF2ABD554A0036F41E /* PBXContainerItemProxy */ = {
			isa = PBXContainerItemProxy;
			containerPortal = 93ECDAE02ABD55450036F41E /* Project object */;
			proxyType = 1;
			remoteGlobalIDString = 93ECDAE72ABD55450036F41E;
			remoteInfo = "CI-CD Demo";
		};
		93ECDB092ABD554A0036F41E /* PBXContainerItemProxy */ = {
			isa = PBXContainerItemProxy;
			containerPortal = 93ECDAE02ABD55450036F41E /* Project object */;
			proxyType = 1;
			remoteGlobalIDString = 93ECDAE72ABD55450036F41E;
			remoteInfo = "CI-CD Demo";
		};
/* End PBXContainerItemProxy section */

/* Begin PBXFileReference section */
		93ECDAE82ABD55450036F41E /* CI-CD Demo.app */ = {isa = PBXFileReference; explicitFileType = wrapper.application; includeInIndex = 0; path = "CI-CD Demo.app"; sourceTree = BUILT_PRODUCTS_DIR; };
		93ECDAEB2ABD55450036F41E /* AppDelegate.swift */ = {isa = PBXFileReference; lastKnownFileType = sourcecode.swift; path = AppDelegate.swift; sourceTree = "<group>"; };
		93ECDAED2ABD55450036F41E /* SceneDelegate.swift */ = {isa = PBXFileReference; lastKnownFileType = sourcecode.swift; path = SceneDelegate.swift; sourceTree = "<group>"; };
		93ECDAEF2ABD55450036F41E /* ViewController.swift */ = {isa = PBXFileReference; lastKnownFileType = sourcecode.swift; path = ViewController.swift; sourceTree = "<group>"; };
		93ECDAF22ABD55450036F41E /* Base */ = {isa = PBXFileReference; lastKnownFileType = file.storyboard; name = Base; path = Base.lproj/Main.storyboard; sourceTree = "<group>"; };
		93ECDAF42ABD55490036F41E /* Assets.xcassets */ = {isa = PBXFileReference; lastKnownFileType = folder.assetcatalog; path = Assets.xcassets; sourceTree = "<group>"; };
		93ECDAF72ABD55490036F41E /* Base */ = {isa = PBXFileReference; lastKnownFileType = file.storyboard; name = Base; path = Base.lproj/LaunchScreen.storyboard; sourceTree = "<group>"; };
		93ECDAF92ABD55490036F41E /* Info.plist */ = {isa = PBXFileReference; lastKnownFileType = text.plist.xml; path = Info.plist; sourceTree = "<group>"; };
		93ECDAFE2ABD554A0036F41E /* CI-CD DemoTests.xctest */ = {isa = PBXFileReference; explicitFileType = wrapper.cfbundle; includeInIndex = 0; path = "CI-CD DemoTests.xctest"; sourceTree = BUILT_PRODUCTS_DIR; };
		93ECDB022ABD554A0036F41E /* CI_CD_DemoTests.swift */ = {isa = PBXFileReference; lastKnownFileType = sourcecode.swift; path = CI_CD_DemoTests.swift; sourceTree = "<group>"; };
		93ECDB082ABD554A0036F41E /* CI-CD DemoUITests.xctest */ = {isa = PBXFileReference; explicitFileType = wrapper.cfbundle; includeInIndex = 0; path = "CI-CD DemoUITests.xctest"; sourceTree = BUILT_PRODUCTS_DIR; };
		93ECDB0C2ABD554A0036F41E /* CI_CD_DemoUITests.swift */ = {isa = PBXFileReference; lastKnownFileType = sourcecode.swift; path = CI_CD_DemoUITests.swift; sourceTree = "<group>"; };
		93ECDB0E2ABD554A0036F41E /* CI_CD_DemoUITestsLaunchTests.swift */ = {isa = PBXFileReference; lastKnownFileType = sourcecode.swift; path = CI_CD_DemoUITestsLaunchTests.swift; sourceTree = "<group>"; };
/* End PBXFileReference section */

/* Begin PBXFrameworksBuildPhase section */
		93ECDAE52ABD55450036F41E /* Frameworks */ = {
			isa = PBXFrameworksBuildPhase;
			buildActionMask = 2147483647;
			files = (
			);
			runOnlyForDeploymentPostprocessing = 0;
		};
		93ECDAFB2ABD554A0036F41E /* Frameworks */ = {
			isa = PBXFrameworksBuildPhase;
			buildActionMask = 2147483647;
			files = (
			);
			runOnlyForDeploymentPostprocessing = 0;
		};
		93ECDB052ABD554A0036F41E /* Frameworks */ = {
			isa = PBXFrameworksBuildPhase;
			buildActionMask = 2147483647;
			files = (
			);
			runOnlyForDeploymentPostprocessing = 0;
		};
/* End PBXFrameworksBuildPhase section */

/* Begin PBXGroup section */
		93ECDADF2ABD55450036F41E = {
			isa = PBXGroup;
			children = (
				93ECDAEA2ABD55450036F41E /* CI-CD Demo */,
				93ECDB012ABD554A0036F41E /* CI-CD DemoTests */,
				93ECDB0B2ABD554A0036F41E /* CI-CD DemoUITests */,
				93ECDAE92ABD55450036F41E /* Products */,
			);
			sourceTree = "<group>";
		};
		93ECDAE92ABD55450036F41E /* Products */ = {
			isa = PBXGroup;
			children = (
				93ECDAE82ABD55450036F41E /* CI-CD Demo.app */,
				93ECDAFE2ABD554A0036F41E /* CI-CD DemoTests.xctest */,
				93ECDB082ABD554A0036F41E /* CI-CD DemoUITests.xctest */,
			);
			name = Products;
			sourceTree = "<group>";
		};
		93ECDAEA2ABD55450036F41E /* CI-CD Demo */ = {
			isa = PBXGroup;
			children = (
				93ECDAEB2ABD55450036F41E /* AppDelegate.swift */,
				93ECDAED2ABD55450036F41E /* SceneDelegate.swift */,
				93ECDAEF2ABD55450036F41E /* ViewController.swift */,
				93ECDAF12ABD55450036F41E /* Main.storyboard */,
				93ECDAF42ABD55490036F41E /* Assets.xcassets */,
				93ECDAF62ABD55490036F41E /* LaunchScreen.storyboard */,
				93ECDAF92ABD55490036F41E /* Info.plist */,
			);
			path = "CI-CD Demo";
			sourceTree = "<group>";
		};
		93ECDB012ABD554A0036F41E /* CI-CD DemoTests */ = {
			isa = PBXGroup;
			children = (
				93ECDB022ABD554A0036F41E /* CI_CD_DemoTests.swift */,
			);
			path = "CI-CD DemoTests";
			sourceTree = "<group>";
		};
		93ECDB0B2ABD554A0036F41E /* CI-CD DemoUITests */ = {
			isa = PBXGroup;
			children = (
				93ECDB0C2ABD554A0036F41E /* CI_CD_DemoUITests.swift */,
				93ECDB0E2ABD554A0036F41E /* CI_CD_DemoUITestsLaunchTests.swift */,
			);
			path = "CI-CD DemoUITests";
			sourceTree = "<group>";
		};
/* End PBXGroup section */

/* Begin PBXNativeTarget section */
		93ECDAE72ABD55450036F41E /* CI-CD Demo */ = {
			isa = PBXNativeTarget;
			buildConfigurationList = 93ECDB122ABD554A0036F41E /* Build configuration list for PBXNativeTarget "CI-CD Demo" */;
			buildPhases = (
				93ECDAE42ABD55450036F41E /* Sources */,
				93ECDAE52ABD55450036F41E /* Frameworks */,
				93ECDAE62ABD55450036F41E /* Resources */,
			);
			buildRules = (
			);
			dependencies = (
			);
			name = "CI-CD Demo";
			productName = "CI-CD Demo";
			productReference = 93ECDAE82ABD55450036F41E /* CI-CD Demo.app */;
			productType = "com.apple.product-type.application";
		};
		93ECDAFD2ABD554A0036F41E /* CI-CD DemoTests */ = {
			isa = PBXNativeTarget;
			buildConfigurationList = 93ECDB152ABD554A0036F41E /* Build configuration list for PBXNativeTarget "CI-CD DemoTests" */;
			buildPhases = (
				93ECDAFA2ABD554A0036F41E /* Sources */,
				93ECDAFB2ABD554A0036F41E /* Frameworks */,
				93ECDAFC2ABD554A0036F41E /* Resources */,
			);
			buildRules = (
			);
			dependencies = (
				93ECDB002ABD554A0036F41E /* PBXTargetDependency */,
			);
			name = "CI-CD DemoTests";
			productName = "CI-CD DemoTests";
			productReference = 93ECDAFE2ABD554A0036F41E /* CI-CD DemoTests.xctest */;
			productType = "com.apple.product-type.bundle.unit-test";
		};
		93ECDB072ABD554A0036F41E /* CI-CD DemoUITests */ = {
			isa = PBXNativeTarget;
			buildConfigurationList = 93ECDB182ABD554A0036F41E /* Build configuration list for PBXNativeTarget "CI-CD DemoUITests" */;
			buildPhases = (
				93ECDB042ABD554A0036F41E /* Sources */,
				93ECDB052ABD554A0036F41E /* Frameworks */,
				93ECDB062ABD554A0036F41E /* Resources */,
			);
			buildRules = (
			);
			dependencies = (
				93ECDB0A2ABD554A0036F41E /* PBXTargetDependency */,
			);
			name = "CI-CD DemoUITests";
			productName = "CI-CD DemoUITests";
			productReference = 93ECDB082ABD554A0036F41E /* CI-CD DemoUITests.xctest */;
			productType = "com.apple.product-type.bundle.ui-testing";
		};
/* End PBXNativeTarget section */

/* Begin PBXProject section */
		93ECDAE02ABD55450036F41E /* Project object */ = {
			isa = PBXProject;
			attributes = {
				BuildIndependentTargetsInParallel = 1;
				LastSwiftUpdateCheck = 1420;
				LastUpgradeCheck = 1420;
				TargetAttributes = {
					93ECDAE72ABD55450036F41E = {
						CreatedOnToolsVersion = 14.2;
					};
					93ECDAFD2ABD554A0036F41E = {
						CreatedOnToolsVersion = 14.2;
						TestTargetID = 93ECDAE72ABD55450036F41E;
					};
					93ECDB072ABD554A0036F41E = {
						CreatedOnToolsVersion = 14.2;
						TestTargetID = 93ECDAE72ABD55450036F41E;
					};
				};
			};
			buildConfigurationList = 93ECDAE32ABD55450036F41E /* Build configuration list for PBXProject "CI-CD Demo" */;
			compatibilityVersion = "Xcode 14.0";
			developmentRegion = en;
			hasScannedForEncodings = 0;
			knownRegions = (
				en,
				Base,
			);
			mainGroup = 93ECDADF2ABD55450036F41E;
			productRefGroup = 93ECDAE92ABD55450036F41E /* Products */;
			projectDirPath = "";
			projectRoot = "";
			targets = (
				93ECDAE72ABD55450036F41E /* CI-CD Demo */,
				93ECDAFD2ABD554A0036F41E /* CI-CD DemoTests */,
				93ECDB072ABD554A0036F41E /* CI-CD DemoUITests */,
			);
		};
/* End PBXProject section */

/* Begin PBXResourcesBuildPhase section */
		93ECDAE62ABD55450036F41E /* Resources */ = {
			isa = PBXResourcesBuildPhase;
			buildActionMask = 2147483647;
			files = (
				93ECDAF82ABD55490036F41E /* LaunchScreen.storyboard in Resources */,
				93ECDAF52ABD55490036F41E /* Assets.xcassets in Resources */,
				93ECDAF32ABD55450036F41E /* Main.storyboard in Resources */,
			);
			runOnlyForDeploymentPostprocessing = 0;
		};
		93ECDAFC2ABD554A0036F41E /* Resources */ = {
			isa = PBXResourcesBuildPhase;
			buildActionMask = 2147483647;
			files = (
			);
			runOnlyForDeploymentPostprocessing = 0;
		};
		93ECDB062ABD554A0036F41E /* Resources */ = {
			isa = PBXResourcesBuildPhase;
			buildActionMask = 2147483647;
			files = (
			);
			runOnlyForDeploymentPostprocessing = 0;
		};
/* End PBXResourcesBuildPhase section */

/* Begin PBXSourcesBuildPhase section */
		93ECDAE42ABD55450036F41E /* Sources */ = {
			isa = PBXSourcesBuildPhase;
			buildActionMask = 2147483647;
			files = (
				93ECDAF02ABD55450036F41E /* ViewController.swift in Sources */,
				93ECDAEC2ABD55450036F41E /* AppDelegate.swift in Sources */,
				93ECDAEE2ABD55450036F41E /* SceneDelegate.swift in Sources */,
			);
			runOnlyForDeploymentPostprocessing = 0;
		};
		93ECDAFA2ABD554A0036F41E /* Sources */ = {
			isa = PBXSourcesBuildPhase;
			buildActionMask = 2147483647;
			files = (
				93ECDB032ABD554A0036F41E /* CI_CD_DemoTests.swift in Sources */,
			);
			runOnlyForDeploymentPostprocessing = 0;
		};
		93ECDB042ABD554A0036F41E /* Sources */ = {
			isa = PBXSourcesBuildPhase;
			buildActionMask = 2147483647;
			files = (
				93ECDB0F2ABD554A0036F41E /* CI_CD_DemoUITestsLaunchTests.swift in Sources */,
				93ECDB0D2ABD554A0036F41E /* CI_CD_DemoUITests.swift in Sources */,
			);
			runOnlyForDeploymentPostprocessing = 0;
		};
/* End PBXSourcesBuildPhase section */

/* Begin PBXTargetDependency section */
		93ECDB002ABD554A0036F41E /* PBXTargetDependency */ = {
			isa = PBXTargetDependency;
			target = 93ECDAE72ABD55450036F41E /* CI-CD Demo */;
			targetProxy = 93ECDAFF2ABD554A0036F41E /* PBXContainerItemProxy */;
		};
		93ECDB0A2ABD554A0036F41E /* PBXTargetDependency */ = {
			isa = PBXTargetDependency;
			target = 93ECDAE72ABD55450036F41E /* CI-CD Demo */;
			targetProxy = 93ECDB092ABD554A0036F41E /* PBXContainerItemProxy */;
		};
/* End PBXTargetDependency section */

/* Begin PBXVariantGroup section */
		93ECDAF12ABD55450036F41E /* Main.storyboard */ = {
			isa = PBXVariantGroup;
			children = (
				93ECDAF22ABD55450036F41E /* Base */,
			);
			name = Main.storyboard;
			sourceTree = "<group>";
		};
		93ECDAF62ABD55490036F41E /* LaunchScreen.storyboard */ = {
			isa = PBXVariantGroup;
			children = (
				93ECDAF72ABD55490036F41E /* Base */,
			);
			name = LaunchScreen.storyboard;
			sourceTree = "<group>";
		};
/* End PBXVariantGroup section */

/* Begin XCBuildConfiguration section */
		93ECDB102ABD554A0036F41E /* Debug */ = {
			isa = XCBuildConfiguration;
			buildSettings = {
				ALWAYS_SEARCH_USER_PATHS = NO;
				CLANG_ANALYZER_NONNULL = YES;
				CLANG_ANALYZER_NUMBER_OBJECT_CONVERSION = YES_AGGRESSIVE;
				CLANG_CXX_LANGUAGE_STANDARD = "gnu++20";
				CLANG_ENABLE_MODULES = YES;
				CLANG_ENABLE_OBJC_ARC = YES;
				CLANG_ENABLE_OBJC_WEAK = YES;
				CLANG_WARN_BLOCK_CAPTURE_AUTORELEASING = YES;
				CLANG_WARN_BOOL_CONVERSION = YES;
				CLANG_WARN_COMMA = YES;
				CLANG_WARN_CONSTANT_CONVERSION = YES;
				CLANG_WARN_DEPRECATED_OBJC_IMPLEMENTATIONS = YES;
				CLANG_WARN_DIRECT_OBJC_ISA_USAGE = YES_ERROR;
				CLANG_WARN_DOCUMENTATION_COMMENTS = YES;
				CLANG_WARN_EMPTY_BODY = YES;
				CLANG_WARN_ENUM_CONVERSION = YES;
				CLANG_WARN_INFINITE_RECURSION = YES;
				CLANG_WARN_INT_CONVERSION = YES;
				CLANG_WARN_NON_LITERAL_NULL_CONVERSION = YES;
				CLANG_WARN_OBJC_IMPLICIT_RETAIN_SELF = YES;
				CLANG_WARN_OBJC_LITERAL_CONVERSION = YES;
				CLANG_WARN_OBJC_ROOT_CLASS = YES_ERROR;
				CLANG_WARN_QUOTED_INCLUDE_IN_FRAMEWORK_HEADER = YES;
				CLANG_WARN_RANGE_LOOP_ANALYSIS = YES;
				CLANG_WARN_STRICT_PROTOTYPES = YES;
				CLANG_WARN_SUSPICIOUS_MOVE = YES;
				CLANG_WARN_UNGUARDED_AVAILABILITY = YES_AGGRESSIVE;
				CLANG_WARN_UNREACHABLE_CODE = YES;
				CLANG_WARN__DUPLICATE_METHOD_MATCH = YES;
				COPY_PHASE_STRIP = NO;
				DEBUG_INFORMATION_FORMAT = dwarf;
				ENABLE_STRICT_OBJC_MSGSEND = YES;
				ENABLE_TESTABILITY = YES;
				GCC_C_LANGUAGE_STANDARD = gnu11;
				GCC_DYNAMIC_NO_PIC = NO;
				GCC_NO_COMMON_BLOCKS = YES;
				GCC_OPTIMIZATION_LEVEL = 0;
				GCC_PREPROCESSOR_DEFINITIONS = (
					"DEBUG=1",
					"$(inherited)",
				);
				GCC_WARN_64_TO_32_BIT_CONVERSION = YES;
				GCC_WARN_ABOUT_RETURN_TYPE = YES_ERROR;
				GCC_WARN_UNDECLARED_SELECTOR = YES;
				GCC_WARN_UNINITIALIZED_AUTOS = YES_AGGRESSIVE;
				GCC_WARN_UNUSED_FUNCTION = YES;
				GCC_WARN_UNUSED_VARIABLE = YES;
				IPHONEOS_DEPLOYMENT_TARGET = 16.2;
				MTL_ENABLE_DEBUG_INFO = INCLUDE_SOURCE;
				MTL_FAST_MATH = YES;
				ONLY_ACTIVE_ARCH = YES;
				SDKROOT = iphoneos;
				SWIFT_ACTIVE_COMPILATION_CONDITIONS = DEBUG;
				SWIFT_OPTIMIZATION_LEVEL = "-Onone";
			};
			name = Debug;
		};
		93ECDB112ABD554A0036F41E /* Release */ = {
			isa = XCBuildConfiguration;
			buildSettings = {
				ALWAYS_SEARCH_USER_PATHS = NO;
				CLANG_ANALYZER_NONNULL = YES;
				CLANG_ANALYZER_NUMBER_OBJECT_CONVERSION = YES_AGGRESSIVE;
				CLANG_CXX_LANGUAGE_STANDARD = "gnu++20";
				CLANG_ENABLE_MODULES = YES;
				CLANG_ENABLE_OBJC_ARC = YES;
				CLANG_ENABLE_OBJC_WEAK = YES;
				CLANG_WARN_BLOCK_CAPTURE_AUTORELEASING = YES;
				CLANG_WARN_BOOL_CONVERSION = YES;
				CLANG_WARN_COMMA = YES;
				CLANG_WARN_CONSTANT_CONVERSION = YES;
				CLANG_WARN_DEPRECATED_OBJC_IMPLEMENTATIONS = YES;
				CLANG_WARN_DIRECT_OBJC_ISA_USAGE = YES_ERROR;
				CLANG_WARN_DOCUMENTATION_COMMENTS = YES;
				CLANG_WARN_EMPTY_BODY = YES;
				CLANG_WARN_ENUM_CONVERSION = YES;
				CLANG_WARN_INFINITE_RECURSION = YES;
				CLANG_WARN_INT_CONVERSION = YES;
				CLANG_WARN_NON_LITERAL_NULL_CONVERSION = YES;
				CLANG_WARN_OBJC_IMPLICIT_RETAIN_SELF = YES;
				CLANG_WARN_OBJC_LITERAL_CONVERSION = YES;
				CLANG_WARN_OBJC_ROOT_CLASS = YES_ERROR;
				CLANG_WARN_QUOTED_INCLUDE_IN_FRAMEWORK_HEADER = YES;
				CLANG_WARN_RANGE_LOOP_ANALYSIS = YES;
				CLANG_WARN_STRICT_PROTOTYPES = YES;
				CLANG_WARN_SUSPICIOUS_MOVE = YES;
				CLANG_WARN_UNGUARDED_AVAILABILITY = YES_AGGRESSIVE;
				CLANG_WARN_UNREACHABLE_CODE = YES;
				CLANG_WARN__DUPLICATE_METHOD_MATCH = YES;
				COPY_PHASE_STRIP = NO;
				DEBUG_INFORMATION_FORMAT = "dwarf-with-dsym";
				ENABLE_NS_ASSERTIONS = NO;
				ENABLE_STRICT_OBJC_MSGSEND = YES;
				GCC_C_LANGUAGE_STANDARD = gnu11;
				GCC_NO_COMMON_BLOCKS = YES;
				GCC_WARN_64_TO_32_BIT_CONVERSION = YES;
				GCC_WARN_ABOUT_RETURN_TYPE = YES_ERROR;
				GCC_WARN_UNDECLARED_SELECTOR = YES;
				GCC_WARN_UNINITIALIZED_AUTOS = YES_AGGRESSIVE;
				GCC_WARN_UNUSED_FUNCTION = YES;
				GCC_WARN_UNUSED_VARIABLE = YES;
				IPHONEOS_DEPLOYMENT_TARGET = 16.2;
				MTL_ENABLE_DEBUG_INFO = NO;
				MTL_FAST_MATH = YES;
				SDKROOT = iphoneos;
				SWIFT_COMPILATION_MODE = wholemodule;
				SWIFT_OPTIMIZATION_LEVEL = "-O";
				VALIDATE_PRODUCT = YES;
			};
			name = Release;
		};
		93ECDB132ABD554A0036F41E /* Debug */ = {
			isa = XCBuildConfiguration;
			buildSettings = {
				ASSETCATALOG_COMPILER_APPICON_NAME = AppIcon;
				ASSETCATALOG_COMPILER_GLOBAL_ACCENT_COLOR_NAME = AccentColor;
				CODE_SIGN_STYLE = Automatic;
				CURRENT_PROJECT_VERSION = 1;
				DEVELOPMENT_TEAM = LPRPC642LQ;
				GENERATE_INFOPLIST_FILE = YES;
				INFOPLIST_FILE = "CI-CD Demo/Info.plist";
				INFOPLIST_KEY_UIApplicationSupportsIndirectInputEvents = YES;
				INFOPLIST_KEY_UILaunchStoryboardName = LaunchScreen;
				INFOPLIST_KEY_UIMainStoryboardFile = Main;
				INFOPLIST_KEY_UISupportedInterfaceOrientations_iPad = "UIInterfaceOrientationPortrait UIInterfaceOrientationPortraitUpsideDown UIInterfaceOrientationLandscapeLeft UIInterfaceOrientationLandscapeRight";
				INFOPLIST_KEY_UISupportedInterfaceOrientations_iPhone = "UIInterfaceOrientationPortrait UIInterfaceOrientationLandscapeLeft UIInterfaceOrientationLandscapeRight";
				LD_RUNPATH_SEARCH_PATHS = (
					"$(inherited)",
					"@executable_path/Frameworks",
				);
				MARKETING_VERSION = 1.0;
				PRODUCT_BUNDLE_IDENTIFIER = "com.ios.abc.CI-CD-Demo";
				PRODUCT_NAME = "$(TARGET_NAME)";
				SWIFT_EMIT_LOC_STRINGS = YES;
				SWIFT_VERSION = 5.0;
				TARGETED_DEVICE_FAMILY = "1,2";
			};
			name = Debug;
		};
		93ECDB142ABD554A0036F41E /* Release */ = {
			isa = XCBuildConfiguration;
			buildSettings = {
				ASSETCATALOG_COMPILER_APPICON_NAME = AppIcon;
				ASSETCATALOG_COMPILER_GLOBAL_ACCENT_COLOR_NAME = AccentColor;
				CODE_SIGN_STYLE = Automatic;
				CURRENT_PROJECT_VERSION = 1;
				DEVELOPMENT_TEAM = LPRPC642LQ;
				GENERATE_INFOPLIST_FILE = YES;
				INFOPLIST_FILE = "CI-CD Demo/Info.plist";
				INFOPLIST_KEY_UIApplicationSupportsIndirectInputEvents = YES;
				INFOPLIST_KEY_UILaunchStoryboardName = LaunchScreen;
				INFOPLIST_KEY_UIMainStoryboardFile = Main;
				INFOPLIST_KEY_UISupportedInterfaceOrientations_iPad = "UIInterfaceOrientationPortrait UIInterfaceOrientationPortraitUpsideDown UIInterfaceOrientationLandscapeLeft UIInterfaceOrientationLandscapeRight";
				INFOPLIST_KEY_UISupportedInterfaceOrientations_iPhone = "UIInterfaceOrientationPortrait UIInterfaceOrientationLandscapeLeft UIInterfaceOrientationLandscapeRight";
				LD_RUNPATH_SEARCH_PATHS = (
					"$(inherited)",
					"@executable_path/Frameworks",
				);
				MARKETING_VERSION = 1.0;
				PRODUCT_BUNDLE_IDENTIFIER = "com.ios.abc.CI-CD-Demo";
				PRODUCT_NAME = "$(TARGET_NAME)";
				SWIFT_EMIT_LOC_STRINGS = YES;
				SWIFT_VERSION = 5.0;
				TARGETED_DEVICE_FAMILY = "1,2";
			};
			name = Release;
		};
		93ECDB162ABD554A0036F41E /* Debug */ = {
			isa = XCBuildConfiguration;
			buildSettings = {
				ALWAYS_EMBED_SWIFT_STANDARD_LIBRARIES = YES;
				BUNDLE_LOADER = "$(TEST_HOST)";
				CODE_SIGN_STYLE = Automatic;
				CURRENT_PROJECT_VERSION = 1;
				DEVELOPMENT_TEAM = LPRPC642LQ;
				GENERATE_INFOPLIST_FILE = YES;
				IPHONEOS_DEPLOYMENT_TARGET = 16.2;
				MARKETING_VERSION = 1.0;
				PRODUCT_BUNDLE_IDENTIFIER = "com.ios.abc.CI-CD-DemoTests";
				PRODUCT_NAME = "$(TARGET_NAME)";
				SWIFT_EMIT_LOC_STRINGS = NO;
				SWIFT_VERSION = 5.0;
				TARGETED_DEVICE_FAMILY = "1,2";
				TEST_HOST = "$(BUILT_PRODUCTS_DIR)/CI-CD Demo.app/$(BUNDLE_EXECUTABLE_FOLDER_PATH)/CI-CD Demo";
			};
			name = Debug;
		};
		93ECDB172ABD554A0036F41E /* Release */ = {
			isa = XCBuildConfiguration;
			buildSettings = {
				ALWAYS_EMBED_SWIFT_STANDARD_LIBRARIES = YES;
				BUNDLE_LOADER = "$(TEST_HOST)";
				CODE_SIGN_STYLE = Automatic;
				CURRENT_PROJECT_VERSION = 1;
				DEVELOPMENT_TEAM = LPRPC642LQ;
				GENERATE_INFOPLIST_FILE = YES;
				IPHONEOS_DEPLOYMENT_TARGET = 16.2;
				MARKETING_VERSION = 1.0;
				PRODUCT_BUNDLE_IDENTIFIER = "com.ios.abc.CI-CD-DemoTests";
				PRODUCT_NAME = "$(TARGET_NAME)";
				SWIFT_EMIT_LOC_STRINGS = NO;
				SWIFT_VERSION = 5.0;
				TARGETED_DEVICE_FAMILY = "1,2";
				TEST_HOST = "$(BUILT_PRODUCTS_DIR)/CI-CD Demo.app/$(BUNDLE_EXECUTABLE_FOLDER_PATH)/CI-CD Demo";
			};
			name = Release;
		};
		93ECDB192ABD554A0036F41E /* Debug */ = {
			isa = XCBuildConfiguration;
			buildSettings = {
				ALWAYS_EMBED_SWIFT_STANDARD_LIBRARIES = YES;
				CODE_SIGN_STYLE = Automatic;
				CURRENT_PROJECT_VERSION = 1;
				DEVELOPMENT_TEAM = LPRPC642LQ;
				GENERATE_INFOPLIST_FILE = YES;
				MARKETING_VERSION = 1.0;
				PRODUCT_BUNDLE_IDENTIFIER = "com.ios.abc.CI-CD-DemoUITests";
				PRODUCT_NAME = "$(TARGET_NAME)";
				SWIFT_EMIT_LOC_STRINGS = NO;
				SWIFT_VERSION = 5.0;
				TARGETED_DEVICE_FAMILY = "1,2";
				TEST_TARGET_NAME = "CI-CD Demo";
			};
			name = Debug;
		};
		93ECDB1A2ABD554A0036F41E /* Release */ = {
			isa = XCBuildConfiguration;
			buildSettings = {
				ALWAYS_EMBED_SWIFT_STANDARD_LIBRARIES = YES;
				CODE_SIGN_STYLE = Automatic;
				CURRENT_PROJECT_VERSION = 1;
				DEVELOPMENT_TEAM = LPRPC642LQ;
				GENERATE_INFOPLIST_FILE = YES;
				MARKETING_VERSION = 1.0;
				PRODUCT_BUNDLE_IDENTIFIER = "com.ios.abc.CI-CD-DemoUITests";
				PRODUCT_NAME = "$(TARGET_NAME)";
				SWIFT_EMIT_LOC_STRINGS = NO;
				SWIFT_VERSION = 5.0;
				TARGETED_DEVICE_FAMILY = "1,2";
				TEST_TARGET_NAME = "CI-CD Demo";
			};
			name = Release;
		};
/* End XCBuildConfiguration section */

/* Begin XCConfigurationList section */
		93ECDAE32ABD55450036F41E /* Build configuration list for PBXProject "CI-CD Demo" */ = {
			isa = XCConfigurationList;
			buildConfigurations = (
				93ECDB102ABD554A0036F41E /* Debug */,
				93ECDB112ABD554A0036F41E /* Release */,
			);
			defaultConfigurationIsVisible = 0;
			defaultConfigurationName = Release;
		};
		93ECDB122ABD554A0036F41E /* Build configuration list for PBXNativeTarget "CI-CD Demo" */ = {
			isa = XCConfigurationList;
			buildConfigurations = (
				93ECDB132ABD554A0036F41E /* Debug */,
				93ECDB142ABD554A0036F41E /* Release */,
			);
			defaultConfigurationIsVisible = 0;
			defaultConfigurationName = Release;
		};
		93ECDB152ABD554A0036F41E /* Build configuration list for PBXNativeTarget "CI-CD DemoTests" */ = {
			isa = XCConfigurationList;
			buildConfigurations = (
				93ECDB162ABD554A0036F41E /* Debug */,
				93ECDB172ABD554A0036F41E /* Release */,
			);
			defaultConfigurationIsVisible = 0;
			defaultConfigurationName = Release;
		};
		93ECDB182ABD554A0036F41E /* Build configuration list for PBXNativeTarget "CI-CD DemoUITests" */ = {
			isa = XCConfigurationList;
			buildConfigurations = (
				93ECDB192ABD554A0036F41E /* Debug */,
				93ECDB1A2ABD554A0036F41E /* Release */,
			);
			defaultConfigurationIsVisible = 0;
			defaultConfigurationName = Release;
		};
/* End XCConfigurationList section */
	};
	rootObject = 93ECDAE02ABD55450036F41E /* Project object */;
}
